// !$*UTF8*$!
{
	archiveVersion = 1;
	classes = {
	};
	objectVersion = 56;
	objects = {

/* Begin PBXBuildFile section */
		DF46E7AE2B218CBA009E6FF8 /* CupsInfo.swift in Sources */ = {isa = PBXBuildFile; fileRef = DF46E7AC2B218CBA009E6FF8 /* CupsInfo.swift */; };
		DFC0D27D2B206C5B001656E3 /* DrinkWaterApp.swift in Sources */ = {isa = PBXBuildFile; fileRef = DFC0D27C2B206C5B001656E3 /* DrinkWaterApp.swift */; };
		DFC0D27F2B206C5B001656E3 /* ContentView.swift in Sources */ = {isa = PBXBuildFile; fileRef = DFC0D27E2B206C5B001656E3 /* ContentView.swift */; };
		DFC0D2812B206C5C001656E3 /* Assets.xcassets in Resources */ = {isa = PBXBuildFile; fileRef = DFC0D2802B206C5C001656E3 /* Assets.xcassets */; };
		DFC0D2842B206C5C001656E3 /* Preview Assets.xcassets in Resources */ = {isa = PBXBuildFile; fileRef = DFC0D2832B206C5C001656E3 /* Preview Assets.xcassets */; };
		DFC0D2912B206C83001656E3 /* WidgetKit.framework in Frameworks */ = {isa = PBXBuildFile; fileRef = DFC0D2902B206C83001656E3 /* WidgetKit.framework */; };
		DFC0D2932B206C83001656E3 /* SwiftUI.framework in Frameworks */ = {isa = PBXBuildFile; fileRef = DFC0D2922B206C83001656E3 /* SwiftUI.framework */; };
		DFC0D2962B206C83001656E3 /* DrinkWaterWidgetBundle.swift in Sources */ = {isa = PBXBuildFile; fileRef = DFC0D2952B206C83001656E3 /* DrinkWaterWidgetBundle.swift */; };
		DFC0D2982B206C83001656E3 /* DrinkWaterWidget.swift in Sources */ = {isa = PBXBuildFile; fileRef = DFC0D2972B206C83001656E3 /* DrinkWaterWidget.swift */; };
		DFC0D29A2B206C84001656E3 /* Assets.xcassets in Resources */ = {isa = PBXBuildFile; fileRef = DFC0D2992B206C84001656E3 /* Assets.xcassets */; };
		DFC0D29E2B206C84001656E3 /* DrinkWaterWidgetExtension.appex in Embed Foundation Extensions */ = {isa = PBXBuildFile; fileRef = DFC0D28E2B206C83001656E3 /* DrinkWaterWidgetExtension.appex */; settings = {ATTRIBUTES = (RemoveHeadersOnCopy, ); }; };
		DFCB23302B285DD900AC1F24 /* DrinkWaterIntent.swift in Sources */ = {isa = PBXBuildFile; fileRef = DFC0D2A72B20772A001656E3 /* DrinkWaterIntent.swift */; };
/* End PBXBuildFile section */

/* Begin PBXContainerItemProxy section */
		DFC0D29C2B206C84001656E3 /* PBXContainerItemProxy */ = {
			isa = PBXContainerItemProxy;
			containerPortal = DFC0D2712B206C5B001656E3 /* Project object */;
			proxyType = 1;
			remoteGlobalIDString = DFC0D28D2B206C83001656E3;
			remoteInfo = DrinkWaterWidgetExtension;
		};
/* End PBXContainerItemProxy section */

/* Begin PBXCopyFilesBuildPhase section */
		DFC0D2A22B206C84001656E3 /* Embed Foundation Extensions */ = {
			isa = PBXCopyFilesBuildPhase;
			buildActionMask = 2147483647;
			dstPath = "";
			dstSubfolderSpec = 13;
			files = (
				DFC0D29E2B206C84001656E3 /* DrinkWaterWidgetExtension.appex in Embed Foundation Extensions */,
			);
			name = "Embed Foundation Extensions";
			runOnlyForDeploymentPostprocessing = 0;
		};
/* End PBXCopyFilesBuildPhase section */

/* Begin PBXFileReference section */
		DF46E7AC2B218CBA009E6FF8 /* CupsInfo.swift */ = {isa = PBXFileReference; lastKnownFileType = sourcecode.swift; path = CupsInfo.swift; sourceTree = "<group>"; };
		DFC0D2792B206C5B001656E3 /* DrinkWater.app */ = {isa = PBXFileReference; explicitFileType = wrapper.application; includeInIndex = 0; path = DrinkWater.app; sourceTree = BUILT_PRODUCTS_DIR; };
		DFC0D27C2B206C5B001656E3 /* DrinkWaterApp.swift */ = {isa = PBXFileReference; lastKnownFileType = sourcecode.swift; path = DrinkWaterApp.swift; sourceTree = "<group>"; };
		DFC0D27E2B206C5B001656E3 /* ContentView.swift */ = {isa = PBXFileReference; lastKnownFileType = sourcecode.swift; path = ContentView.swift; sourceTree = "<group>"; };
		DFC0D2802B206C5C001656E3 /* Assets.xcassets */ = {isa = PBXFileReference; lastKnownFileType = folder.assetcatalog; path = Assets.xcassets; sourceTree = "<group>"; };
		DFC0D2832B206C5C001656E3 /* Preview Assets.xcassets */ = {isa = PBXFileReference; lastKnownFileType = folder.assetcatalog; path = "Preview Assets.xcassets"; sourceTree = "<group>"; };
		DFC0D28E2B206C83001656E3 /* DrinkWaterWidgetExtension.appex */ = {isa = PBXFileReference; explicitFileType = "wrapper.app-extension"; includeInIndex = 0; path = DrinkWaterWidgetExtension.appex; sourceTree = BUILT_PRODUCTS_DIR; };
		DFC0D2902B206C83001656E3 /* WidgetKit.framework */ = {isa = PBXFileReference; lastKnownFileType = wrapper.framework; name = WidgetKit.framework; path = System/Library/Frameworks/WidgetKit.framework; sourceTree = SDKROOT; };
		DFC0D2922B206C83001656E3 /* SwiftUI.framework */ = {isa = PBXFileReference; lastKnownFileType = wrapper.framework; name = SwiftUI.framework; path = System/Library/Frameworks/SwiftUI.framework; sourceTree = SDKROOT; };
		DFC0D2952B206C83001656E3 /* DrinkWaterWidgetBundle.swift */ = {isa = PBXFileReference; lastKnownFileType = sourcecode.swift; path = DrinkWaterWidgetBundle.swift; sourceTree = "<group>"; };
		DFC0D2972B206C83001656E3 /* DrinkWaterWidget.swift */ = {isa = PBXFileReference; lastKnownFileType = sourcecode.swift; path = DrinkWaterWidget.swift; sourceTree = "<group>"; };
		DFC0D2992B206C84001656E3 /* Assets.xcassets */ = {isa = PBXFileReference; lastKnownFileType = folder.assetcatalog; path = Assets.xcassets; sourceTree = "<group>"; };
		DFC0D29B2B206C84001656E3 /* Info.plist */ = {isa = PBXFileReference; lastKnownFileType = text.plist.xml; path = Info.plist; sourceTree = "<group>"; };
		DFC0D2A72B20772A001656E3 /* DrinkWaterIntent.swift */ = {isa = PBXFileReference; lastKnownFileType = sourcecode.swift; path = DrinkWaterIntent.swift; sourceTree = "<group>"; };
/* End PBXFileReference section */

/* Begin PBXFrameworksBuildPhase section */
		DFC0D2762B206C5B001656E3 /* Frameworks */ = {
			isa = PBXFrameworksBuildPhase;
			buildActionMask = 2147483647;
			files = (
			);
			runOnlyForDeploymentPostprocessing = 0;
		};
		DFC0D28B2B206C83001656E3 /* Frameworks */ = {
			isa = PBXFrameworksBuildPhase;
			buildActionMask = 2147483647;
			files = (
				DFC0D2932B206C83001656E3 /* SwiftUI.framework in Frameworks */,
				DFC0D2912B206C83001656E3 /* WidgetKit.framework in Frameworks */,
			);
			runOnlyForDeploymentPostprocessing = 0;
		};
/* End PBXFrameworksBuildPhase section */

/* Begin PBXGroup section */
		DF46E7A82B2186F4009E6FF8 /* View */ = {
			isa = PBXGroup;
			children = (
				DFC0D27E2B206C5B001656E3 /* ContentView.swift */,
			);
			path = View;
			sourceTree = "<group>";
		};
		DFC0D2702B206C5B001656E3 = {
			isa = PBXGroup;
			children = (
				DFC0D27B2B206C5B001656E3 /* DrinkWater */,
				DFC0D2942B206C83001656E3 /* DrinkWaterWidget */,
				DFC0D28F2B206C83001656E3 /* Frameworks */,
				DFC0D27A2B206C5B001656E3 /* Products */,
			);
			sourceTree = "<group>";
		};
		DFC0D27A2B206C5B001656E3 /* Products */ = {
			isa = PBXGroup;
			children = (
				DFC0D2792B206C5B001656E3 /* DrinkWater.app */,
				DFC0D28E2B206C83001656E3 /* DrinkWaterWidgetExtension.appex */,
			);
			name = Products;
			sourceTree = "<group>";
		};
		DFC0D27B2B206C5B001656E3 /* DrinkWater */ = {
			isa = PBXGroup;
			children = (
				DFC0D27C2B206C5B001656E3 /* DrinkWaterApp.swift */,
				DF46E7A82B2186F4009E6FF8 /* View */,
				DFC0D2802B206C5C001656E3 /* Assets.xcassets */,
				DFC0D2822B206C5C001656E3 /* Preview Content */,
			);
			path = DrinkWater;
			sourceTree = "<group>";
		};
		DFC0D2822B206C5C001656E3 /* Preview Content */ = {
			isa = PBXGroup;
			children = (
				DFC0D2832B206C5C001656E3 /* Preview Assets.xcassets */,
			);
			path = "Preview Content";
			sourceTree = "<group>";
		};
		DFC0D28F2B206C83001656E3 /* Frameworks */ = {
			isa = PBXGroup;
			children = (
				DFC0D2902B206C83001656E3 /* WidgetKit.framework */,
				DFC0D2922B206C83001656E3 /* SwiftUI.framework */,
			);
			name = Frameworks;
			sourceTree = "<group>";
		};
		DFC0D2942B206C83001656E3 /* DrinkWaterWidget */ = {
			isa = PBXGroup;
			children = (
				DFC0D2952B206C83001656E3 /* DrinkWaterWidgetBundle.swift */,
				DFC0D2972B206C83001656E3 /* DrinkWaterWidget.swift */,
				DFC0D2A72B20772A001656E3 /* DrinkWaterIntent.swift */,
				DF46E7AC2B218CBA009E6FF8 /* CupsInfo.swift */,
				DFC0D2992B206C84001656E3 /* Assets.xcassets */,
				DFC0D29B2B206C84001656E3 /* Info.plist */,
			);
			path = DrinkWaterWidget;
			sourceTree = "<group>";
		};
/* End PBXGroup section */

/* Begin PBXNativeTarget section */
		DFC0D2782B206C5B001656E3 /* DrinkWater */ = {
			isa = PBXNativeTarget;
			buildConfigurationList = DFC0D2872B206C5C001656E3 /* Build configuration list for PBXNativeTarget "DrinkWater" */;
			buildPhases = (
				DFC0D2752B206C5B001656E3 /* Sources */,
				DFC0D2762B206C5B001656E3 /* Frameworks */,
				DFC0D2772B206C5B001656E3 /* Resources */,
				DFC0D2A22B206C84001656E3 /* Embed Foundation Extensions */,
			);
			buildRules = (
			);
			dependencies = (
				DFC0D29D2B206C84001656E3 /* PBXTargetDependency */,
			);
			name = DrinkWater;
			productName = DrinkWater;
			productReference = DFC0D2792B206C5B001656E3 /* DrinkWater.app */;
			productType = "com.apple.product-type.application";
		};
		DFC0D28D2B206C83001656E3 /* DrinkWaterWidgetExtension */ = {
			isa = PBXNativeTarget;
			buildConfigurationList = DFC0D29F2B206C84001656E3 /* Build configuration list for PBXNativeTarget "DrinkWaterWidgetExtension" */;
			buildPhases = (
				DFC0D28A2B206C83001656E3 /* Sources */,
				DFC0D28B2B206C83001656E3 /* Frameworks */,
				DFC0D28C2B206C83001656E3 /* Resources */,
			);
			buildRules = (
			);
			dependencies = (
			);
			name = DrinkWaterWidgetExtension;
			productName = DrinkWaterWidgetExtension;
			productReference = DFC0D28E2B206C83001656E3 /* DrinkWaterWidgetExtension.appex */;
			productType = "com.apple.product-type.app-extension";
		};
/* End PBXNativeTarget section */

/* Begin PBXProject section */
		DFC0D2712B206C5B001656E3 /* Project object */ = {
			isa = PBXProject;
			attributes = {
				BuildIndependentTargetsInParallel = 1;
				LastSwiftUpdateCheck = 1500;
				LastUpgradeCheck = 1500;
				TargetAttributes = {
					DFC0D2782B206C5B001656E3 = {
						CreatedOnToolsVersion = 15.0;
					};
					DFC0D28D2B206C83001656E3 = {
						CreatedOnToolsVersion = 15.0;
					};
				};
			};
			buildConfigurationList = DFC0D2742B206C5B001656E3 /* Build configuration list for PBXProject "DrinkWater" */;
			compatibilityVersion = "Xcode 14.0";
			developmentRegion = en;
			hasScannedForEncodings = 0;
			knownRegions = (
				en,
				Base,
			);
			mainGroup = DFC0D2702B206C5B001656E3;
			productRefGroup = DFC0D27A2B206C5B001656E3 /* Products */;
			projectDirPath = "";
			projectRoot = "";
			targets = (
				DFC0D2782B206C5B001656E3 /* DrinkWater */,
				DFC0D28D2B206C83001656E3 /* DrinkWaterWidgetExtension */,
			);
		};
/* End PBXProject section */

/* Begin PBXResourcesBuildPhase section */
		DFC0D2772B206C5B001656E3 /* Resources */ = {
			isa = PBXResourcesBuildPhase;
			buildActionMask = 2147483647;
			files = (
				DFC0D2842B206C5C001656E3 /* Preview Assets.xcassets in Resources */,
				DFC0D2812B206C5C001656E3 /* Assets.xcassets in Resources */,
			);
			runOnlyForDeploymentPostprocessing = 0;
		};
		DFC0D28C2B206C83001656E3 /* Resources */ = {
			isa = PBXResourcesBuildPhase;
			buildActionMask = 2147483647;
			files = (
				DFC0D29A2B206C84001656E3 /* Assets.xcassets in Resources */,
			);
			runOnlyForDeploymentPostprocessing = 0;
		};
/* End PBXResourcesBuildPhase section */

/* Begin PBXSourcesBuildPhase section */
		DFC0D2752B206C5B001656E3 /* Sources */ = {
			isa = PBXSourcesBuildPhase;
			buildActionMask = 2147483647;
			files = (
				DFC0D27F2B206C5B001656E3 /* ContentView.swift in Sources */,
				DFC0D27D2B206C5B001656E3 /* DrinkWaterApp.swift in Sources */,
			);
			runOnlyForDeploymentPostprocessing = 0;
		};
		DFC0D28A2B206C83001656E3 /* Sources */ = {
			isa = PBXSourcesBuildPhase;
			buildActionMask = 2147483647;
			files = (
				DFC0D2982B206C83001656E3 /* DrinkWaterWidget.swift in Sources */,
				DF46E7AE2B218CBA009E6FF8 /* CupsInfo.swift in Sources */,
				DFCB23302B285DD900AC1F24 /* DrinkWaterIntent.swift in Sources */,
				DFC0D2962B206C83001656E3 /* DrinkWaterWidgetBundle.swift in Sources */,
			);
			runOnlyForDeploymentPostprocessing = 0;
		};
/* End PBXSourcesBuildPhase section */

/* Begin PBXTargetDependency section */
		DFC0D29D2B206C84001656E3 /* PBXTargetDependency */ = {
			isa = PBXTargetDependency;
			target = DFC0D28D2B206C83001656E3 /* DrinkWaterWidgetExtension */;
			targetProxy = DFC0D29C2B206C84001656E3 /* PBXContainerItemProxy */;
		};
/* End PBXTargetDependency section */

/* Begin XCBuildConfiguration section */
		DFC0D2852B206C5C001656E3 /* Debug */ = {
			isa = XCBuildConfiguration;
			buildSettings = {
				ALWAYS_SEARCH_USER_PATHS = NO;
				ASSETCATALOG_COMPILER_GENERATE_SWIFT_ASSET_SYMBOL_EXTENSIONS = YES;
				CLANG_ANALYZER_NONNULL = YES;
				CLANG_ANALYZER_NUMBER_OBJECT_CONVERSION = YES_AGGRESSIVE;
				CLANG_CXX_LANGUAGE_STANDARD = "gnu++20";
				CLANG_ENABLE_MODULES = YES;
				CLANG_ENABLE_OBJC_ARC = YES;
				CLANG_ENABLE_OBJC_WEAK = YES;
				CLANG_WARN_BLOCK_CAPTURE_AUTORELEASING = YES;
				CLANG_WARN_BOOL_CONVERSION = YES;
				CLANG_WARN_COMMA = YES;
				CLANG_WARN_CONSTANT_CONVERSION = YES;
				CLANG_WARN_DEPRECATED_OBJC_IMPLEMENTATIONS = YES;
				CLANG_WARN_DIRECT_OBJC_ISA_USAGE = YES_ERROR;
				CLANG_WARN_DOCUMENTATION_COMMENTS = YES;
				CLANG_WARN_EMPTY_BODY = YES;
				CLANG_WARN_ENUM_CONVERSION = YES;
				CLANG_WARN_INFINITE_RECURSION = YES;
				CLANG_WARN_INT_CONVERSION = YES;
				CLANG_WARN_NON_LITERAL_NULL_CONVERSION = YES;
				CLANG_WARN_OBJC_IMPLICIT_RETAIN_SELF = YES;
				CLANG_WARN_OBJC_LITERAL_CONVERSION = YES;
				CLANG_WARN_OBJC_ROOT_CLASS = YES_ERROR;
				CLANG_WARN_QUOTED_INCLUDE_IN_FRAMEWORK_HEADER = YES;
				CLANG_WARN_RANGE_LOOP_ANALYSIS = YES;
				CLANG_WARN_STRICT_PROTOTYPES = YES;
				CLANG_WARN_SUSPICIOUS_MOVE = YES;
				CLANG_WARN_UNGUARDED_AVAILABILITY = YES_AGGRESSIVE;
				CLANG_WARN_UNREACHABLE_CODE = YES;
				CLANG_WARN__DUPLICATE_METHOD_MATCH = YES;
				COPY_PHASE_STRIP = NO;
				DEBUG_INFORMATION_FORMAT = dwarf;
				ENABLE_STRICT_OBJC_MSGSEND = YES;
				ENABLE_TESTABILITY = YES;
				ENABLE_USER_SCRIPT_SANDBOXING = YES;
				GCC_C_LANGUAGE_STANDARD = gnu17;
				GCC_DYNAMIC_NO_PIC = NO;
				GCC_NO_COMMON_BLOCKS = YES;
				GCC_OPTIMIZATION_LEVEL = 0;
				GCC_PREPROCESSOR_DEFINITIONS = (
					"DEBUG=1",
					"$(inherited)",
				);
				GCC_WARN_64_TO_32_BIT_CONVERSION = YES;
				GCC_WARN_ABOUT_RETURN_TYPE = YES_ERROR;
				GCC_WARN_UNDECLARED_SELECTOR = YES;
				GCC_WARN_UNINITIALIZED_AUTOS = YES_AGGRESSIVE;
				GCC_WARN_UNUSED_FUNCTION = YES;
				GCC_WARN_UNUSED_VARIABLE = YES;
				IPHONEOS_DEPLOYMENT_TARGET = 17.0;
				LOCALIZATION_PREFERS_STRING_CATALOGS = YES;
				MTL_ENABLE_DEBUG_INFO = INCLUDE_SOURCE;
				MTL_FAST_MATH = YES;
				ONLY_ACTIVE_ARCH = YES;
				SDKROOT = iphoneos;
				SWIFT_ACTIVE_COMPILATION_CONDITIONS = "DEBUG $(inherited)";
				SWIFT_OPTIMIZATION_LEVEL = "-Onone";
			};
			name = Debug;
		};
		DFC0D2862B206C5C001656E3 /* Release */ = {
			isa = XCBuildConfiguration;
			buildSettings = {
				ALWAYS_SEARCH_USER_PATHS = NO;
				ASSETCATALOG_COMPILER_GENERATE_SWIFT_ASSET_SYMBOL_EXTENSIONS = YES;
				CLANG_ANALYZER_NONNULL = YES;
				CLANG_ANALYZER_NUMBER_OBJECT_CONVERSION = YES_AGGRESSIVE;
				CLANG_CXX_LANGUAGE_STANDARD = "gnu++20";
				CLANG_ENABLE_MODULES = YES;
				CLANG_ENABLE_OBJC_ARC = YES;
				CLANG_ENABLE_OBJC_WEAK = YES;
				CLANG_WARN_BLOCK_CAPTURE_AUTORELEASING = YES;
				CLANG_WARN_BOOL_CONVERSION = YES;
				CLANG_WARN_COMMA = YES;
				CLANG_WARN_CONSTANT_CONVERSION = YES;
				CLANG_WARN_DEPRECATED_OBJC_IMPLEMENTATIONS = YES;
				CLANG_WARN_DIRECT_OBJC_ISA_USAGE = YES_ERROR;
				CLANG_WARN_DOCUMENTATION_COMMENTS = YES;
				CLANG_WARN_EMPTY_BODY = YES;
				CLANG_WARN_ENUM_CONVERSION = YES;
				CLANG_WARN_INFINITE_RECURSION = YES;
				CLANG_WARN_INT_CONVERSION = YES;
				CLANG_WARN_NON_LITERAL_NULL_CONVERSION = YES;
				CLANG_WARN_OBJC_IMPLICIT_RETAIN_SELF = YES;
				CLANG_WARN_OBJC_LITERAL_CONVERSION = YES;
				CLANG_WARN_OBJC_ROOT_CLASS = YES_ERROR;
				CLANG_WARN_QUOTED_INCLUDE_IN_FRAMEWORK_HEADER = YES;
				CLANG_WARN_RANGE_LOOP_ANALYSIS = YES;
				CLANG_WARN_STRICT_PROTOTYPES = YES;
				CLANG_WARN_SUSPICIOUS_MOVE = YES;
				CLANG_WARN_UNGUARDED_AVAILABILITY = YES_AGGRESSIVE;
				CLANG_WARN_UNREACHABLE_CODE = YES;
				CLANG_WARN__DUPLICATE_METHOD_MATCH = YES;
				COPY_PHASE_STRIP = NO;
				DEBUG_INFORMATION_FORMAT = "dwarf-with-dsym";
				ENABLE_NS_ASSERTIONS = NO;
				ENABLE_STRICT_OBJC_MSGSEND = YES;
				ENABLE_USER_SCRIPT_SANDBOXING = YES;
				GCC_C_LANGUAGE_STANDARD = gnu17;
				GCC_NO_COMMON_BLOCKS = YES;
				GCC_WARN_64_TO_32_BIT_CONVERSION = YES;
				GCC_WARN_ABOUT_RETURN_TYPE = YES_ERROR;
				GCC_WARN_UNDECLARED_SELECTOR = YES;
				GCC_WARN_UNINITIALIZED_AUTOS = YES_AGGRESSIVE;
				GCC_WARN_UNUSED_FUNCTION = YES;
				GCC_WARN_UNUSED_VARIABLE = YES;
				IPHONEOS_DEPLOYMENT_TARGET = 17.0;
				LOCALIZATION_PREFERS_STRING_CATALOGS = YES;
				MTL_ENABLE_DEBUG_INFO = NO;
				MTL_FAST_MATH = YES;
				SDKROOT = iphoneos;
				SWIFT_COMPILATION_MODE = wholemodule;
				VALIDATE_PRODUCT = YES;
			};
			name = Release;
		};
		DFC0D2882B206C5C001656E3 /* Debug */ = {
			isa = XCBuildConfiguration;
			buildSettings = {
				ALWAYS_EMBED_SWIFT_STANDARD_LIBRARIES = YES;
				ASSETCATALOG_COMPILER_APPICON_NAME = AppIcon;
				ASSETCATALOG_COMPILER_GLOBAL_ACCENT_COLOR_NAME = AccentColor;
				CODE_SIGN_STYLE = Automatic;
				CURRENT_PROJECT_VERSION = 1;
				DEVELOPMENT_ASSET_PATHS = "\"DrinkWater/Preview Content\"";
				DEVELOPMENT_TEAM = 8R29TH66V6;
				ENABLE_PREVIEWS = YES;
				GENERATE_INFOPLIST_FILE = YES;
				INFOPLIST_KEY_UIApplicationSceneManifest_Generation = YES;
				INFOPLIST_KEY_UIApplicationSupportsIndirectInputEvents = YES;
				INFOPLIST_KEY_UILaunchScreen_Generation = YES;
				INFOPLIST_KEY_UISupportedInterfaceOrientations_iPad = "UIInterfaceOrientationPortrait UIInterfaceOrientationPortraitUpsideDown UIInterfaceOrientationLandscapeLeft UIInterfaceOrientationLandscapeRight";
				INFOPLIST_KEY_UISupportedInterfaceOrientations_iPhone = "UIInterfaceOrientationPortrait UIInterfaceOrientationLandscapeLeft UIInterfaceOrientationLandscapeRight";
				LD_RUNPATH_SEARCH_PATHS = (
					"$(inherited)",
					"@executable_path/Frameworks",
				);
				MARKETING_VERSION = 1.0;
				PRODUCT_BUNDLE_IDENTIFIER = "Khawlah-Khalid.DrinkWater";
				PRODUCT_NAME = "$(TARGET_NAME)";
				SWIFT_EMIT_LOC_STRINGS = YES;
				SWIFT_VERSION = 5.0;
				TARGETED_DEVICE_FAMILY = "1,2";
			};
			name = Debug;
		};
		DFC0D2892B206C5C001656E3 /* Release */ = {
			isa = XCBuildConfiguration;
			buildSettings = {
				ALWAYS_EMBED_SWIFT_STANDARD_LIBRARIES = YES;
				ASSETCATALOG_COMPILER_APPICON_NAME = AppIcon;
				ASSETCATALOG_COMPILER_GLOBAL_ACCENT_COLOR_NAME = AccentColor;
				CODE_SIGN_STYLE = Automatic;
				CURRENT_PROJECT_VERSION = 1;
				DEVELOPMENT_ASSET_PATHS = "\"DrinkWater/Preview Content\"";
				DEVELOPMENT_TEAM = 8R29TH66V6;
				ENABLE_PREVIEWS = YES;
				GENERATE_INFOPLIST_FILE = YES;
				INFOPLIST_KEY_UIApplicationSceneManifest_Generation = YES;
				INFOPLIST_KEY_UIApplicationSupportsIndirectInputEvents = YES;
				INFOPLIST_KEY_UILaunchScreen_Generation = YES;
				INFOPLIST_KEY_UISupportedInterfaceOrientations_iPad = "UIInterfaceOrientationPortrait UIInterfaceOrientationPortraitUpsideDown UIInterfaceOrientationLandscapeLeft UIInterfaceOrientationLandscapeRight";
				INFOPLIST_KEY_UISupportedInterfaceOrientations_iPhone = "UIInterfaceOrientationPortrait UIInterfaceOrientationLandscapeLeft UIInterfaceOrientationLandscapeRight";
				LD_RUNPATH_SEARCH_PATHS = (
					"$(inherited)",
					"@executable_path/Frameworks",
				);
				MARKETING_VERSION = 1.0;
				PRODUCT_BUNDLE_IDENTIFIER = "Khawlah-Khalid.DrinkWater";
				PRODUCT_NAME = "$(TARGET_NAME)";
				SWIFT_EMIT_LOC_STRINGS = YES;
				SWIFT_VERSION = 5.0;
				TARGETED_DEVICE_FAMILY = "1,2";
			};
			name = Release;
		};
		DFC0D2A02B206C84001656E3 /* Debug */ = {
			isa = XCBuildConfiguration;
			buildSettings = {
				ASSETCATALOG_COMPILER_GLOBAL_ACCENT_COLOR_NAME = AccentColor;
				ASSETCATALOG_COMPILER_WIDGET_BACKGROUND_COLOR_NAME = WidgetBackground;
				CODE_SIGN_STYLE = Automatic;
				CURRENT_PROJECT_VERSION = 1;
				DEVELOPMENT_TEAM = 8R29TH66V6;
				GENERATE_INFOPLIST_FILE = YES;
				INFOPLIST_FILE = DrinkWaterWidget/Info.plist;
				INFOPLIST_KEY_CFBundleDisplayName = DrinkWaterWidget;
				INFOPLIST_KEY_NSHumanReadableCopyright = "";
				LD_RUNPATH_SEARCH_PATHS = (
					"$(inherited)",
					"@executable_path/Frameworks",
					"@executable_path/../../Frameworks",
				);
				MARKETING_VERSION = 1.0;
				PRODUCT_BUNDLE_IDENTIFIER = "Khawlah-Khalid.DrinkWater.DrinkWaterWidget";
				PRODUCT_NAME = "$(TARGET_NAME)";
				SKIP_INSTALL = YES;
				SWIFT_EMIT_LOC_STRINGS = YES;
				SWIFT_VERSION = 5.0;
				TARGETED_DEVICE_FAMILY = "1,2";
			};
			name = Debug;
		};
		DFC0D2A12B206C84001656E3 /* Release */ = {
			isa = XCBuildConfiguration;
			buildSettings = {
				ASSETCATALOG_COMPILER_GLOBAL_ACCENT_COLOR_NAME = AccentColor;
				ASSETCATALOG_COMPILER_WIDGET_BACKGROUND_COLOR_NAME = WidgetBackground;
				CODE_SIGN_STYLE = Automatic;
				CURRENT_PROJECT_VERSION = 1;
				DEVELOPMENT_TEAM = 8R29TH66V6;
				GENERATE_INFOPLIST_FILE = YES;
				INFOPLIST_FILE = DrinkWaterWidget/Info.plist;
				INFOPLIST_KEY_CFBundleDisplayName = DrinkWaterWidget;
				INFOPLIST_KEY_NSHumanReadableCopyright = "";
				LD_RUNPATH_SEARCH_PATHS = (
					"$(inherited)",
					"@executable_path/Frameworks",
					"@executable_path/../../Frameworks",
				);
				MARKETING_VERSION = 1.0;
				PRODUCT_BUNDLE_IDENTIFIER = "Khawlah-Khalid.DrinkWater.DrinkWaterWidget";
				PRODUCT_NAME = "$(TARGET_NAME)";
				SKIP_INSTALL = YES;
				SWIFT_EMIT_LOC_STRINGS = YES;
				SWIFT_VERSION = 5.0;
				TARGETED_DEVICE_FAMILY = "1,2";
			};
			name = Release;
		};
/* End XCBuildConfiguration section */

/* Begin XCConfigurationList section */
		DFC0D2742B206C5B001656E3 /* Build configuration list for PBXProject "DrinkWater" */ = {
			isa = XCConfigurationList;
			buildConfigurations = (
				DFC0D2852B206C5C001656E3 /* Debug */,
				DFC0D2862B206C5C001656E3 /* Release */,
			);
			defaultConfigurationIsVisible = 0;
			defaultConfigurationName = Release;
		};
		DFC0D2872B206C5C001656E3 /* Build configuration list for PBXNativeTarget "DrinkWater" */ = {
			isa = XCConfigurationList;
			buildConfigurations = (
				DFC0D2882B206C5C001656E3 /* Debug */,
				DFC0D2892B206C5C001656E3 /* Release */,
			);
			defaultConfigurationIsVisible = 0;
			defaultConfigurationName = Release;
		};
		DFC0D29F2B206C84001656E3 /* Build configuration list for PBXNativeTarget "DrinkWaterWidgetExtension" */ = {
			isa = XCConfigurationList;
			buildConfigurations = (
				DFC0D2A02B206C84001656E3 /* Debug */,
				DFC0D2A12B206C84001656E3 /* Release */,
			);
			defaultConfigurationIsVisible = 0;
			defaultConfigurationName = Release;
		};
/* End XCConfigurationList section */
	};
	rootObject = DFC0D2712B206C5B001656E3 /* Project object */;
}
